// !$*UTF8*$!
{
	archiveVersion = 1;
	classes = {
	};
	objectVersion = 55;
	objects = {

/* Begin PBXBuildFile section */
		920B6A7B2C6ADFAF003E3A84 /* DessertBrowserApp.swift in Sources */ = {isa = PBXBuildFile; fileRef = 920B6A7A2C6ADFAF003E3A84 /* DessertBrowserApp.swift */; };
		920B6A7D2C6ADFAF003E3A84 /* DessertListView.swift in Sources */ = {isa = PBXBuildFile; fileRef = 920B6A7C2C6ADFAF003E3A84 /* DessertListView.swift */; };
		920B6A7F2C6ADFB1003E3A84 /* Assets.xcassets in Resources */ = {isa = PBXBuildFile; fileRef = 920B6A7E2C6ADFB1003E3A84 /* Assets.xcassets */; };
		920B6A822C6ADFB1003E3A84 /* Preview Assets.xcassets in Resources */ = {isa = PBXBuildFile; fileRef = 920B6A812C6ADFB1003E3A84 /* Preview Assets.xcassets */; };
		920B6A8A2C6AE386003E3A84 /* Meals.swift in Sources */ = {isa = PBXBuildFile; fileRef = 920B6A892C6AE386003E3A84 /* Meals.swift */; };
		920B6A8C2C6B863E003E3A84 /* MealService.swift in Sources */ = {isa = PBXBuildFile; fileRef = 920B6A8B2C6B863E003E3A84 /* MealService.swift */; };
		920B6A9E2C6B917F003E3A84 /* DessertThumbnailView.swift in Sources */ = {isa = PBXBuildFile; fileRef = 920B6A9D2C6B917F003E3A84 /* DessertThumbnailView.swift */; };
		920B6AA02C6C2FB9003E3A84 /* DessertDetailView.swift in Sources */ = {isa = PBXBuildFile; fileRef = 920B6A9F2C6C2FB9003E3A84 /* DessertDetailView.swift */; };
/* End PBXBuildFile section */

/* Begin PBXFileReference section */
		920B6A772C6ADFAF003E3A84 /* DessertBrowser.app */ = {isa = PBXFileReference; explicitFileType = wrapper.application; includeInIndex = 0; path = DessertBrowser.app; sourceTree = BUILT_PRODUCTS_DIR; };
		920B6A7A2C6ADFAF003E3A84 /* DessertBrowserApp.swift */ = {isa = PBXFileReference; lastKnownFileType = sourcecode.swift; path = DessertBrowserApp.swift; sourceTree = "<group>"; };
		920B6A7C2C6ADFAF003E3A84 /* DessertListView.swift */ = {isa = PBXFileReference; lastKnownFileType = sourcecode.swift; path = DessertListView.swift; sourceTree = "<group>"; };
		920B6A7E2C6ADFB1003E3A84 /* Assets.xcassets */ = {isa = PBXFileReference; lastKnownFileType = folder.assetcatalog; path = Assets.xcassets; sourceTree = "<group>"; };
		920B6A812C6ADFB1003E3A84 /* Preview Assets.xcassets */ = {isa = PBXFileReference; lastKnownFileType = folder.assetcatalog; path = "Preview Assets.xcassets"; sourceTree = "<group>"; };
		920B6A892C6AE386003E3A84 /* Meals.swift */ = {isa = PBXFileReference; lastKnownFileType = sourcecode.swift; path = Meals.swift; sourceTree = "<group>"; };
		920B6A8B2C6B863E003E3A84 /* MealService.swift */ = {isa = PBXFileReference; lastKnownFileType = sourcecode.swift; path = MealService.swift; sourceTree = "<group>"; };
		920B6A9D2C6B917F003E3A84 /* DessertThumbnailView.swift */ = {isa = PBXFileReference; lastKnownFileType = sourcecode.swift; path = DessertThumbnailView.swift; sourceTree = "<group>"; };
		920B6A9F2C6C2FB9003E3A84 /* DessertDetailView.swift */ = {isa = PBXFileReference; lastKnownFileType = sourcecode.swift; path = DessertDetailView.swift; sourceTree = "<group>"; };
/* End PBXFileReference section */

/* Begin PBXFrameworksBuildPhase section */
		920B6A742C6ADFAF003E3A84 /* Frameworks */ = {
			isa = PBXFrameworksBuildPhase;
			buildActionMask = 2147483647;
			files = (
			);
			runOnlyForDeploymentPostprocessing = 0;
		};
/* End PBXFrameworksBuildPhase section */

/* Begin PBXGroup section */
		920B6A6E2C6ADFAF003E3A84 = {
			isa = PBXGroup;
			children = (
				920B6A792C6ADFAF003E3A84 /* DessertBrowser */,
				920B6A782C6ADFAF003E3A84 /* Products */,
			);
			sourceTree = "<group>";
		};
		920B6A782C6ADFAF003E3A84 /* Products */ = {
			isa = PBXGroup;
			children = (
				920B6A772C6ADFAF003E3A84 /* DessertBrowser.app */,
			);
			name = Products;
			sourceTree = "<group>";
		};
		920B6A792C6ADFAF003E3A84 /* DessertBrowser */ = {
			isa = PBXGroup;
			children = (
				920B6A9C2C6B9156003E3A84 /* Views */,
				920B6A882C6AE1D2003E3A84 /* Service */,
				920B6A7A2C6ADFAF003E3A84 /* DessertBrowserApp.swift */,
				920B6A7E2C6ADFB1003E3A84 /* Assets.xcassets */,
				920B6A802C6ADFB1003E3A84 /* Preview Content */,
			);
			path = DessertBrowser;
			sourceTree = "<group>";
		};
		920B6A802C6ADFB1003E3A84 /* Preview Content */ = {
			isa = PBXGroup;
			children = (
				920B6A812C6ADFB1003E3A84 /* Preview Assets.xcassets */,
			);
			path = "Preview Content";
			sourceTree = "<group>";
		};
		920B6A882C6AE1D2003E3A84 /* Service */ = {
			isa = PBXGroup;
			children = (
				920B6A892C6AE386003E3A84 /* Meals.swift */,
				920B6A8B2C6B863E003E3A84 /* MealService.swift */,
			);
			path = Service;
			sourceTree = "<group>";
		};
		920B6A9C2C6B9156003E3A84 /* Views */ = {
			isa = PBXGroup;
			children = (
				920B6A7C2C6ADFAF003E3A84 /* DessertListView.swift */,
				920B6A9D2C6B917F003E3A84 /* DessertThumbnailView.swift */,
				920B6A9F2C6C2FB9003E3A84 /* DessertDetailView.swift */,
			);
			path = Views;
			sourceTree = "<group>";
		};
/* End PBXGroup section */

/* Begin PBXNativeTarget section */
		920B6A762C6ADFAF003E3A84 /* DessertBrowser */ = {
			isa = PBXNativeTarget;
			buildConfigurationList = 920B6A852C6ADFB1003E3A84 /* Build configuration list for PBXNativeTarget "DessertBrowser" */;
			buildPhases = (
				920B6A732C6ADFAF003E3A84 /* Sources */,
				920B6A742C6ADFAF003E3A84 /* Frameworks */,
				920B6A752C6ADFAF003E3A84 /* Resources */,
			);
			buildRules = (
			);
			dependencies = (
			);
			name = DessertBrowser;
			productName = DessertBrowser;
			productReference = 920B6A772C6ADFAF003E3A84 /* DessertBrowser.app */;
			productType = "com.apple.product-type.application";
		};
/* End PBXNativeTarget section */

/* Begin PBXProject section */
		920B6A6F2C6ADFAF003E3A84 /* Project object */ = {
			isa = PBXProject;
			attributes = {
				BuildIndependentTargetsInParallel = 1;
				LastSwiftUpdateCheck = 1340;
				LastUpgradeCheck = 1340;
				TargetAttributes = {
					920B6A762C6ADFAF003E3A84 = {
						CreatedOnToolsVersion = 13.4.1;
					};
				};
			};
			buildConfigurationList = 920B6A722C6ADFAF003E3A84 /* Build configuration list for PBXProject "DessertBrowser" */;
			compatibilityVersion = "Xcode 13.0";
			developmentRegion = en;
			hasScannedForEncodings = 0;
			knownRegions = (
				en,
				Base,
			);
			mainGroup = 920B6A6E2C6ADFAF003E3A84;
			productRefGroup = 920B6A782C6ADFAF003E3A84 /* Products */;
			projectDirPath = "";
			projectRoot = "";
			targets = (
				920B6A762C6ADFAF003E3A84 /* DessertBrowser */,
			);
		};
/* End PBXProject section */

/* Begin PBXResourcesBuildPhase section */
		920B6A752C6ADFAF003E3A84 /* Resources */ = {
			isa = PBXResourcesBuildPhase;
			buildActionMask = 2147483647;
			files = (
				920B6A822C6ADFB1003E3A84 /* Preview Assets.xcassets in Resources */,
				920B6A7F2C6ADFB1003E3A84 /* Assets.xcassets in Resources */,
			);
			runOnlyForDeploymentPostprocessing = 0;
		};
/* End PBXResourcesBuildPhase section */

/* Begin PBXSourcesBuildPhase section */
		920B6A732C6ADFAF003E3A84 /* Sources */ = {
			isa = PBXSourcesBuildPhase;
			buildActionMask = 2147483647;
			files = (
				920B6A8C2C6B863E003E3A84 /* MealService.swift in Sources */,
				920B6A8A2C6AE386003E3A84 /* Meals.swift in Sources */,
				920B6AA02C6C2FB9003E3A84 /* DessertDetailView.swift in Sources */,
				920B6A9E2C6B917F003E3A84 /* DessertThumbnailView.swift in Sources */,
				920B6A7D2C6ADFAF003E3A84 /* DessertListView.swift in Sources */,
				920B6A7B2C6ADFAF003E3A84 /* DessertBrowserApp.swift in Sources */,
			);
			runOnlyForDeploymentPostprocessing = 0;
		};
/* End PBXSourcesBuildPhase section */

/* Begin XCBuildConfiguration section */
		920B6A832C6ADFB1003E3A84 /* Debug */ = {
			isa = XCBuildConfiguration;
			buildSettings = {
				ALWAYS_SEARCH_USER_PATHS = NO;
				CLANG_ANALYZER_NONNULL = YES;
				CLANG_ANALYZER_NUMBER_OBJECT_CONVERSION = YES_AGGRESSIVE;
				CLANG_CXX_LANGUAGE_STANDARD = "gnu++17";
				CLANG_ENABLE_MODULES = YES;
				CLANG_ENABLE_OBJC_ARC = YES;
				CLANG_ENABLE_OBJC_WEAK = YES;
				CLANG_WARN_BLOCK_CAPTURE_AUTORELEASING = YES;
				CLANG_WARN_BOOL_CONVERSION = YES;
				CLANG_WARN_COMMA = YES;
				CLANG_WARN_CONSTANT_CONVERSION = YES;
				CLANG_WARN_DEPRECATED_OBJC_IMPLEMENTATIONS = YES;
				CLANG_WARN_DIRECT_OBJC_ISA_USAGE = YES_ERROR;
				CLANG_WARN_DOCUMENTATION_COMMENTS = YES;
				CLANG_WARN_EMPTY_BODY = YES;
				CLANG_WARN_ENUM_CONVERSION = YES;
				CLANG_WARN_INFINITE_RECURSION = YES;
				CLANG_WARN_INT_CONVERSION = YES;
				CLANG_WARN_NON_LITERAL_NULL_CONVERSION = YES;
				CLANG_WARN_OBJC_IMPLICIT_RETAIN_SELF = YES;
				CLANG_WARN_OBJC_LITERAL_CONVERSION = YES;
				CLANG_WARN_OBJC_ROOT_CLASS = YES_ERROR;
				CLANG_WARN_QUOTED_INCLUDE_IN_FRAMEWORK_HEADER = YES;
				CLANG_WARN_RANGE_LOOP_ANALYSIS = YES;
				CLANG_WARN_STRICT_PROTOTYPES = YES;
				CLANG_WARN_SUSPICIOUS_MOVE = YES;
				CLANG_WARN_UNGUARDED_AVAILABILITY = YES_AGGRESSIVE;
				CLANG_WARN_UNREACHABLE_CODE = YES;
				CLANG_WARN__DUPLICATE_METHOD_MATCH = YES;
				COPY_PHASE_STRIP = NO;
				DEBUG_INFORMATION_FORMAT = dwarf;
				ENABLE_STRICT_OBJC_MSGSEND = YES;
				ENABLE_TESTABILITY = YES;
				GCC_C_LANGUAGE_STANDARD = gnu11;
				GCC_DYNAMIC_NO_PIC = NO;
				GCC_NO_COMMON_BLOCKS = YES;
				GCC_OPTIMIZATION_LEVEL = 0;
				GCC_PREPROCESSOR_DEFINITIONS = (
					"DEBUG=1",
					"$(inherited)",
				);
				GCC_WARN_64_TO_32_BIT_CONVERSION = YES;
				GCC_WARN_ABOUT_RETURN_TYPE = YES_ERROR;
				GCC_WARN_UNDECLARED_SELECTOR = YES;
				GCC_WARN_UNINITIALIZED_AUTOS = YES_AGGRESSIVE;
				GCC_WARN_UNUSED_FUNCTION = YES;
				GCC_WARN_UNUSED_VARIABLE = YES;
				IPHONEOS_DEPLOYMENT_TARGET = 15.5;
				MTL_ENABLE_DEBUG_INFO = INCLUDE_SOURCE;
				MTL_FAST_MATH = YES;
				ONLY_ACTIVE_ARCH = YES;
				SDKROOT = iphoneos;
				SWIFT_ACTIVE_COMPILATION_CONDITIONS = DEBUG;
				SWIFT_OPTIMIZATION_LEVEL = "-Onone";
			};
			name = Debug;
		};
		920B6A842C6ADFB1003E3A84 /* Release */ = {
			isa = XCBuildConfiguration;
			buildSettings = {
				ALWAYS_SEARCH_USER_PATHS = NO;
				CLANG_ANALYZER_NONNULL = YES;
				CLANG_ANALYZER_NUMBER_OBJECT_CONVERSION = YES_AGGRESSIVE;
				CLANG_CXX_LANGUAGE_STANDARD = "gnu++17";
				CLANG_ENABLE_MODULES = YES;
				CLANG_ENABLE_OBJC_ARC = YES;
				CLANG_ENABLE_OBJC_WEAK = YES;
				CLANG_WARN_BLOCK_CAPTURE_AUTORELEASING = YES;
				CLANG_WARN_BOOL_CONVERSION = YES;
				CLANG_WARN_COMMA = YES;
				CLANG_WARN_CONSTANT_CONVERSION = YES;
				CLANG_WARN_DEPRECATED_OBJC_IMPLEMENTATIONS = YES;
				CLANG_WARN_DIRECT_OBJC_ISA_USAGE = YES_ERROR;
				CLANG_WARN_DOCUMENTATION_COMMENTS = YES;
				CLANG_WARN_EMPTY_BODY = YES;
				CLANG_WARN_ENUM_CONVERSION = YES;
				CLANG_WARN_INFINITE_RECURSION = YES;
				CLANG_WARN_INT_CONVERSION = YES;
				CLANG_WARN_NON_LITERAL_NULL_CONVERSION = YES;
				CLANG_WARN_OBJC_IMPLICIT_RETAIN_SELF = YES;
				CLANG_WARN_OBJC_LITERAL_CONVERSION = YES;
				CLANG_WARN_OBJC_ROOT_CLASS = YES_ERROR;
				CLANG_WARN_QUOTED_INCLUDE_IN_FRAMEWORK_HEADER = YES;
				CLANG_WARN_RANGE_LOOP_ANALYSIS = YES;
				CLANG_WARN_STRICT_PROTOTYPES = YES;
				CLANG_WARN_SUSPICIOUS_MOVE = YES;
				CLANG_WARN_UNGUARDED_AVAILABILITY = YES_AGGRESSIVE;
				CLANG_WARN_UNREACHABLE_CODE = YES;
				CLANG_WARN__DUPLICATE_METHOD_MATCH = YES;
				COPY_PHASE_STRIP = NO;
				DEBUG_INFORMATION_FORMAT = "dwarf-with-dsym";
				ENABLE_NS_ASSERTIONS = NO;
				ENABLE_STRICT_OBJC_MSGSEND = YES;
				GCC_C_LANGUAGE_STANDARD = gnu11;
				GCC_NO_COMMON_BLOCKS = YES;
				GCC_WARN_64_TO_32_BIT_CONVERSION = YES;
				GCC_WARN_ABOUT_RETURN_TYPE = YES_ERROR;
				GCC_WARN_UNDECLARED_SELECTOR = YES;
				GCC_WARN_UNINITIALIZED_AUTOS = YES_AGGRESSIVE;
				GCC_WARN_UNUSED_FUNCTION = YES;
				GCC_WARN_UNUSED_VARIABLE = YES;
				IPHONEOS_DEPLOYMENT_TARGET = 15.5;
				MTL_ENABLE_DEBUG_INFO = NO;
				MTL_FAST_MATH = YES;
				SDKROOT = iphoneos;
				SWIFT_COMPILATION_MODE = wholemodule;
				SWIFT_OPTIMIZATION_LEVEL = "-O";
				VALIDATE_PRODUCT = YES;
			};
			name = Release;
		};
		920B6A862C6ADFB1003E3A84 /* Debug */ = {
			isa = XCBuildConfiguration;
			buildSettings = {
				ASSETCATALOG_COMPILER_APPICON_NAME = AppIcon;
				ASSETCATALOG_COMPILER_GLOBAL_ACCENT_COLOR_NAME = AccentColor;
				CODE_SIGN_STYLE = Automatic;
				CURRENT_PROJECT_VERSION = 1;
				DEVELOPMENT_ASSET_PATHS = "\"DessertBrowser/Preview Content\"";
				ENABLE_PREVIEWS = YES;
				GENERATE_INFOPLIST_FILE = YES;
				INFOPLIST_KEY_UIApplicationSceneManifest_Generation = YES;
				INFOPLIST_KEY_UIApplicationSupportsIndirectInputEvents = YES;
				INFOPLIST_KEY_UILaunchScreen_Generation = YES;
				INFOPLIST_KEY_UISupportedInterfaceOrientations_iPad = "UIInterfaceOrientationPortrait UIInterfaceOrientationPortraitUpsideDown UIInterfaceOrientationLandscapeLeft UIInterfaceOrientationLandscapeRight";
				INFOPLIST_KEY_UISupportedInterfaceOrientations_iPhone = "UIInterfaceOrientationPortrait UIInterfaceOrientationLandscapeLeft UIInterfaceOrientationLandscapeRight";
				LD_RUNPATH_SEARCH_PATHS = (
					"$(inherited)",
					"@executable_path/Frameworks",
				);
				MARKETING_VERSION = 1.0;
				PRODUCT_BUNDLE_IDENTIFIER = com.reaga.DessertBrowser;
				PRODUCT_NAME = "$(TARGET_NAME)";
				SWIFT_EMIT_LOC_STRINGS = YES;
				SWIFT_VERSION = 5.0;
				TARGETED_DEVICE_FAMILY = "1,2";
			};
			name = Debug;
		};
		920B6A872C6ADFB1003E3A84 /* Release */ = {
			isa = XCBuildConfiguration;
			buildSettings = {
				ASSETCATALOG_COMPILER_APPICON_NAME = AppIcon;
				ASSETCATALOG_COMPILER_GLOBAL_ACCENT_COLOR_NAME = AccentColor;
				CODE_SIGN_STYLE = Automatic;
				CURRENT_PROJECT_VERSION = 1;
				DEVELOPMENT_ASSET_PATHS = "\"DessertBrowser/Preview Content\"";
				ENABLE_PREVIEWS = YES;
				GENERATE_INFOPLIST_FILE = YES;
				INFOPLIST_KEY_UIApplicationSceneManifest_Generation = YES;
				INFOPLIST_KEY_UIApplicationSupportsIndirectInputEvents = YES;
				INFOPLIST_KEY_UILaunchScreen_Generation = YES;
				INFOPLIST_KEY_UISupportedInterfaceOrientations_iPad = "UIInterfaceOrientationPortrait UIInterfaceOrientationPortraitUpsideDown UIInterfaceOrientationLandscapeLeft UIInterfaceOrientationLandscapeRight";
				INFOPLIST_KEY_UISupportedInterfaceOrientations_iPhone = "UIInterfaceOrientationPortrait UIInterfaceOrientationLandscapeLeft UIInterfaceOrientationLandscapeRight";
				LD_RUNPATH_SEARCH_PATHS = (
					"$(inherited)",
					"@executable_path/Frameworks",
				);
				MARKETING_VERSION = 1.0;
				PRODUCT_BUNDLE_IDENTIFIER = com.reaga.DessertBrowser;
				PRODUCT_NAME = "$(TARGET_NAME)";
				SWIFT_EMIT_LOC_STRINGS = YES;
				SWIFT_VERSION = 5.0;
				TARGETED_DEVICE_FAMILY = "1,2";
			};
			name = Release;
		};
/* End XCBuildConfiguration section */

/* Begin XCConfigurationList section */
		920B6A722C6ADFAF003E3A84 /* Build configuration list for PBXProject "DessertBrowser" */ = {
			isa = XCConfigurationList;
			buildConfigurations = (
				920B6A832C6ADFB1003E3A84 /* Debug */,
				920B6A842C6ADFB1003E3A84 /* Release */,
			);
			defaultConfigurationIsVisible = 0;
			defaultConfigurationName = Release;
		};
		920B6A852C6ADFB1003E3A84 /* Build configuration list for PBXNativeTarget "DessertBrowser" */ = {
			isa = XCConfigurationList;
			buildConfigurations = (
				920B6A862C6ADFB1003E3A84 /* Debug */,
				920B6A872C6ADFB1003E3A84 /* Release */,
			);
			defaultConfigurationIsVisible = 0;
			defaultConfigurationName = Release;
		};
/* End XCConfigurationList section */
	};
	rootObject = 920B6A6F2C6ADFAF003E3A84 /* Project object */;
}
